
Microsoft Visual Studio Solution File, Format Version 12.00
# Visual Studio 14
VisualStudioVersion = 14.0.24720.0
MinimumVisualStudioVersion = 10.0.40219.1
Project("{FAE04EC0-301F-11D3-BF4B-00C04F79EFBC}") = "Location.Droid", "Location.Droid\Location.Droid.csproj", "{9A51C841-A2F9-4872-B4BF-6967EF24014D}"
EndProject
Project("{FAE04EC0-301F-11D3-BF4B-00C04F79EFBC}") = "LocationDemo", "LocationDemo\LocationDemo.csproj", "{82BA6FBA-0FC6-47C0-A30A-18056BB0AC1A}"
EndProject
Project("{FAE04EC0-301F-11D3-BF4B-00C04F79EFBC}") = "DemoMessengerClient", "DemoMessengerClient\DemoMessengerClient.csproj", "{4AC2F016-E65A-481E-BB24-E3F20D85E93D}"
EndProject
Project("{FAE04EC0-301F-11D3-BF4B-00C04F79EFBC}") = "DemoService", "DemoService\DemoService.csproj", "{17670D20-9813-42AD-9DC9-31E909F7CF2C}"
EndProject
Project("{FAE04EC0-301F-11D3-BF4B-00C04F79EFBC}") = "BoundServiceBoilerPlate", "ServiceBoilerPlate\BoundServiceBoilerPlate.csproj", "{767D4921-D6F4-44E9-AB8B-C38BB3E6C498}"
EndProject
Project("{FAE04EC0-301F-11D3-BF4B-00C04F79EFBC}") = "StockService", "StockService\StockService.csproj", "{A23426D0-9D48-49AF-8D9D-AB5A37B333F2}"
EndProject
Project("{FAE04EC0-301F-11D3-BF4B-00C04F79EFBC}") = "Phoneword", "Phoneword\Phoneword.csproj", "{39638670-F69F-4060-8C03-FF7062650760}"
EndProject
Project("{FAE04EC0-301F-11D3-BF4B-00C04F79EFBC}") = "HandingOrientation", "HandingOrientation\HandingOrientation.csproj", "{BDA63328-CFF1-4F07-A060-9F4018C02146}"
EndProject
Project("{FAE04EC0-301F-11D3-BF4B-00C04F79EFBC}") = "ActivityLifeCycle", "ActivityLifeCycle\ActivityLifeCycle.csproj", "{EBC6E5A5-5FAB-4234-AB06-34B0B7B57B55}"
EndProject
Project("{FAE04EC0-301F-11D3-BF4B-00C04F79EFBC}") = "Animation", "Animation\Animation.csproj", "{087B0C23-B5AD-4744-9085-1B1E4143FFB8}"
EndProject
Project("{FAE04EC0-301F-11D3-BF4B-00C04F79EFBC}") = "DrawableShapeDrawable", "DrawableShapeDrawable\DrawableShapeDrawable.csproj", "{DEEE4D25-BB67-43AC-8A76-671B5B4E09C1}"
EndProject
Project("{2150E333-8FDC-42A3-9474-1A3956D46DE8}") = "UI", "UI", "{351B7717-3628-441B-BD19-01599640BF7B}"
EndProject
Project("{FAE04EC0-301F-11D3-BF4B-00C04F79EFBC}") = "ActionBarDemo", "UI\ActionBarDemo\ActionBarDemo.csproj", "{ACA074E6-82BA-4A5F-BD56-BB527B514BFD}"
EndProject
Project("{FAE04EC0-301F-11D3-BF4B-00C04F79EFBC}") = "AutoCopmleteDemo", "UI\AutoCopmleteDemo\AutoCopmleteDemo.csproj", "{94BDB7C4-F4D1-4D70-B141-F0ECE80AE93D}"
EndProject
Project("{FAE04EC0-301F-11D3-BF4B-00C04F79EFBC}") = "CalendarDemo", "UI\CalendarDemo\CalendarDemo.csproj", "{CE06B97F-34D0-4BD0-B466-600F63E82651}"
EndProject
Project("{FAE04EC0-301F-11D3-BF4B-00C04F79EFBC}") = "CardView", "UI\CardView\CardView.csproj", "{AE50216A-3989-42E4-ABD4-D671B5FFA499}"
EndProject
Project("{FAE04EC0-301F-11D3-BF4B-00C04F79EFBC}") = "DatePickerDemo", "UI\DatePickerDemo\DatePickerDemo.csproj", "{5CC6AF80-7F48-440E-93F8-87B35ECF370A}"
EndProject
Project("{2150E333-8FDC-42A3-9474-1A3956D46DE8}") = "Fragment", "Fragment", "{749144A5-6B78-437D-AFC5-B64A966B6824}"
EndProject
Project("{2150E333-8FDC-42A3-9474-1A3956D46DE8}") = "ListView", "ListView", "{769D975F-34E8-426C-9457-C545D9178D1D}"
EndProject
Project("{FAE04EC0-301F-11D3-BF4B-00C04F79EFBC}") = "CustomRowView", "UI\ListView\CustomRowView\CustomRowView.csproj", "{40EC918C-80A7-4D98-98AA-A3AF22878EFA}"
EndProject
Global
	GlobalSection(SolutionConfigurationPlatforms) = preSolution
		Debug|Any CPU = Debug|Any CPU
		Release|Any CPU = Release|Any CPU
	EndGlobalSection
	GlobalSection(ProjectConfigurationPlatforms) = postSolution
		{9A51C841-A2F9-4872-B4BF-6967EF24014D}.Debug|Any CPU.ActiveCfg = Debug|Any CPU
		{9A51C841-A2F9-4872-B4BF-6967EF24014D}.Debug|Any CPU.Build.0 = Debug|Any CPU
		{9A51C841-A2F9-4872-B4BF-6967EF24014D}.Debug|Any CPU.Deploy.0 = Debug|Any CPU
		{9A51C841-A2F9-4872-B4BF-6967EF24014D}.Release|Any CPU.ActiveCfg = Release|Any CPU
		{9A51C841-A2F9-4872-B4BF-6967EF24014D}.Release|Any CPU.Build.0 = Release|Any CPU
		{9A51C841-A2F9-4872-B4BF-6967EF24014D}.Release|Any CPU.Deploy.0 = Release|Any CPU
		{82BA6FBA-0FC6-47C0-A30A-18056BB0AC1A}.Debug|Any CPU.ActiveCfg = Debug|Any CPU
		{82BA6FBA-0FC6-47C0-A30A-18056BB0AC1A}.Debug|Any CPU.Build.0 = Debug|Any CPU
		{82BA6FBA-0FC6-47C0-A30A-18056BB0AC1A}.Debug|Any CPU.Deploy.0 = Debug|Any CPU
		{82BA6FBA-0FC6-47C0-A30A-18056BB0AC1A}.Release|Any CPU.ActiveCfg = Release|Any CPU
		{82BA6FBA-0FC6-47C0-A30A-18056BB0AC1A}.Release|Any CPU.Build.0 = Release|Any CPU
		{82BA6FBA-0FC6-47C0-A30A-18056BB0AC1A}.Release|Any CPU.Deploy.0 = Release|Any CPU
		{4AC2F016-E65A-481E-BB24-E3F20D85E93D}.Debug|Any CPU.ActiveCfg = Debug|Any CPU
		{4AC2F016-E65A-481E-BB24-E3F20D85E93D}.Debug|Any CPU.Build.0 = Debug|Any CPU
		{4AC2F016-E65A-481E-BB24-E3F20D85E93D}.Debug|Any CPU.Deploy.0 = Debug|Any CPU
		{4AC2F016-E65A-481E-BB24-E3F20D85E93D}.Release|Any CPU.ActiveCfg = Release|Any CPU
		{4AC2F016-E65A-481E-BB24-E3F20D85E93D}.Release|Any CPU.Build.0 = Release|Any CPU
		{4AC2F016-E65A-481E-BB24-E3F20D85E93D}.Release|Any CPU.Deploy.0 = Release|Any CPU
		{17670D20-9813-42AD-9DC9-31E909F7CF2C}.Debug|Any CPU.ActiveCfg = Debug|Any CPU
		{17670D20-9813-42AD-9DC9-31E909F7CF2C}.Debug|Any CPU.Build.0 = Debug|Any CPU
		{17670D20-9813-42AD-9DC9-31E909F7CF2C}.Debug|Any CPU.Deploy.0 = Debug|Any CPU
		{17670D20-9813-42AD-9DC9-31E909F7CF2C}.Release|Any CPU.ActiveCfg = Release|Any CPU
		{17670D20-9813-42AD-9DC9-31E909F7CF2C}.Release|Any CPU.Build.0 = Release|Any CPU
		{17670D20-9813-42AD-9DC9-31E909F7CF2C}.Release|Any CPU.Deploy.0 = Release|Any CPU
		{767D4921-D6F4-44E9-AB8B-C38BB3E6C498}.Debug|Any CPU.ActiveCfg = Debug|Any CPU
		{767D4921-D6F4-44E9-AB8B-C38BB3E6C498}.Debug|Any CPU.Build.0 = Debug|Any CPU
		{767D4921-D6F4-44E9-AB8B-C38BB3E6C498}.Debug|Any CPU.Deploy.0 = Debug|Any CPU
		{767D4921-D6F4-44E9-AB8B-C38BB3E6C498}.Release|Any CPU.ActiveCfg = Release|Any CPU
		{767D4921-D6F4-44E9-AB8B-C38BB3E6C498}.Release|Any CPU.Build.0 = Release|Any CPU
		{767D4921-D6F4-44E9-AB8B-C38BB3E6C498}.Release|Any CPU.Deploy.0 = Release|Any CPU
		{A23426D0-9D48-49AF-8D9D-AB5A37B333F2}.Debug|Any CPU.ActiveCfg = Debug|Any CPU
		{A23426D0-9D48-49AF-8D9D-AB5A37B333F2}.Debug|Any CPU.Build.0 = Debug|Any CPU
		{A23426D0-9D48-49AF-8D9D-AB5A37B333F2}.Debug|Any CPU.Deploy.0 = Debug|Any CPU
		{A23426D0-9D48-49AF-8D9D-AB5A37B333F2}.Release|Any CPU.ActiveCfg = Release|Any CPU
		{A23426D0-9D48-49AF-8D9D-AB5A37B333F2}.Release|Any CPU.Build.0 = Release|Any CPU
		{A23426D0-9D48-49AF-8D9D-AB5A37B333F2}.Release|Any CPU.Deploy.0 = Release|Any CPU
		{39638670-F69F-4060-8C03-FF7062650760}.Debug|Any CPU.ActiveCfg = Debug|Any CPU
		{39638670-F69F-4060-8C03-FF7062650760}.Debug|Any CPU.Build.0 = Debug|Any CPU
		{39638670-F69F-4060-8C03-FF7062650760}.Debug|Any CPU.Deploy.0 = Debug|Any CPU
		{39638670-F69F-4060-8C03-FF7062650760}.Release|Any CPU.ActiveCfg = Release|Any CPU
		{39638670-F69F-4060-8C03-FF7062650760}.Release|Any CPU.Build.0 = Release|Any CPU
		{39638670-F69F-4060-8C03-FF7062650760}.Release|Any CPU.Deploy.0 = Release|Any CPU
		{BDA63328-CFF1-4F07-A060-9F4018C02146}.Debug|Any CPU.ActiveCfg = Debug|Any CPU
		{BDA63328-CFF1-4F07-A060-9F4018C02146}.Debug|Any CPU.Build.0 = Debug|Any CPU
		{BDA63328-CFF1-4F07-A060-9F4018C02146}.Debug|Any CPU.Deploy.0 = Debug|Any CPU
		{BDA63328-CFF1-4F07-A060-9F4018C02146}.Release|Any CPU.ActiveCfg = Release|Any CPU
		{BDA63328-CFF1-4F07-A060-9F4018C02146}.Release|Any CPU.Build.0 = Release|Any CPU
		{BDA63328-CFF1-4F07-A060-9F4018C02146}.Release|Any CPU.Deploy.0 = Release|Any CPU
		{EBC6E5A5-5FAB-4234-AB06-34B0B7B57B55}.Debug|Any CPU.ActiveCfg = Debug|Any CPU
		{EBC6E5A5-5FAB-4234-AB06-34B0B7B57B55}.Debug|Any CPU.Build.0 = Debug|Any CPU
		{EBC6E5A5-5FAB-4234-AB06-34B0B7B57B55}.Debug|Any CPU.Deploy.0 = Debug|Any CPU
		{EBC6E5A5-5FAB-4234-AB06-34B0B7B57B55}.Release|Any CPU.ActiveCfg = Release|Any CPU
		{EBC6E5A5-5FAB-4234-AB06-34B0B7B57B55}.Release|Any CPU.Build.0 = Release|Any CPU
		{EBC6E5A5-5FAB-4234-AB06-34B0B7B57B55}.Release|Any CPU.Deploy.0 = Release|Any CPU
		{087B0C23-B5AD-4744-9085-1B1E4143FFB8}.Debug|Any CPU.ActiveCfg = Debug|Any CPU
		{087B0C23-B5AD-4744-9085-1B1E4143FFB8}.Debug|Any CPU.Build.0 = Debug|Any CPU
		{087B0C23-B5AD-4744-9085-1B1E4143FFB8}.Debug|Any CPU.Deploy.0 = Debug|Any CPU
		{087B0C23-B5AD-4744-9085-1B1E4143FFB8}.Release|Any CPU.ActiveCfg = Release|Any CPU
		{087B0C23-B5AD-4744-9085-1B1E4143FFB8}.Release|Any CPU.Build.0 = Release|Any CPU
		{087B0C23-B5AD-4744-9085-1B1E4143FFB8}.Release|Any CPU.Deploy.0 = Release|Any CPU
		{DEEE4D25-BB67-43AC-8A76-671B5B4E09C1}.Debug|Any CPU.ActiveCfg = Debug|Any CPU
		{DEEE4D25-BB67-43AC-8A76-671B5B4E09C1}.Debug|Any CPU.Build.0 = Debug|Any CPU
		{DEEE4D25-BB67-43AC-8A76-671B5B4E09C1}.Debug|Any CPU.Deploy.0 = Debug|Any CPU
		{DEEE4D25-BB67-43AC-8A76-671B5B4E09C1}.Release|Any CPU.ActiveCfg = Release|Any CPU
		{DEEE4D25-BB67-43AC-8A76-671B5B4E09C1}.Release|Any CPU.Build.0 = Release|Any CPU
		{DEEE4D25-BB67-43AC-8A76-671B5B4E09C1}.Release|Any CPU.Deploy.0 = Release|Any CPU
		{ACA074E6-82BA-4A5F-BD56-BB527B514BFD}.Debug|Any CPU.ActiveCfg = Debug|Any CPU
		{ACA074E6-82BA-4A5F-BD56-BB527B514BFD}.Debug|Any CPU.Build.0 = Debug|Any CPU
		{ACA074E6-82BA-4A5F-BD56-BB527B514BFD}.Debug|Any CPU.Deploy.0 = Debug|Any CPU
		{ACA074E6-82BA-4A5F-BD56-BB527B514BFD}.Release|Any CPU.ActiveCfg = Release|Any CPU
		{ACA074E6-82BA-4A5F-BD56-BB527B514BFD}.Release|Any CPU.Build.0 = Release|Any CPU
		{ACA074E6-82BA-4A5F-BD56-BB527B514BFD}.Release|Any CPU.Deploy.0 = Release|Any CPU
		{94BDB7C4-F4D1-4D70-B141-F0ECE80AE93D}.Debug|Any CPU.ActiveCfg = Debug|Any CPU
		{94BDB7C4-F4D1-4D70-B141-F0ECE80AE93D}.Debug|Any CPU.Build.0 = Debug|Any CPU
		{94BDB7C4-F4D1-4D70-B141-F0ECE80AE93D}.Debug|Any CPU.Deploy.0 = Debug|Any CPU
		{94BDB7C4-F4D1-4D70-B141-F0ECE80AE93D}.Release|Any CPU.ActiveCfg = Release|Any CPU
		{94BDB7C4-F4D1-4D70-B141-F0ECE80AE93D}.Release|Any CPU.Build.0 = Release|Any CPU
		{94BDB7C4-F4D1-4D70-B141-F0ECE80AE93D}.Release|Any CPU.Deploy.0 = Release|Any CPU
		{CE06B97F-34D0-4BD0-B466-600F63E82651}.Debug|Any CPU.ActiveCfg = Debug|Any CPU
		{CE06B97F-34D0-4BD0-B466-600F63E82651}.Debug|Any CPU.Build.0 = Debug|Any CPU
		{CE06B97F-34D0-4BD0-B466-600F63E82651}.Debug|Any CPU.Deploy.0 = Debug|Any CPU
		{CE06B97F-34D0-4BD0-B466-600F63E82651}.Release|Any CPU.ActiveCfg = Release|Any CPU
		{CE06B97F-34D0-4BD0-B466-600F63E82651}.Release|Any CPU.Build.0 = Release|Any CPU
		{CE06B97F-34D0-4BD0-B466-600F63E82651}.Release|Any CPU.Deploy.0 = Release|Any CPU
		{AE50216A-3989-42E4-ABD4-D671B5FFA499}.Debug|Any CPU.ActiveCfg = Debug|Any CPU
		{AE50216A-3989-42E4-ABD4-D671B5FFA499}.Debug|Any CPU.Build.0 = Debug|Any CPU
		{AE50216A-3989-42E4-ABD4-D671B5FFA499}.Debug|Any CPU.Deploy.0 = Debug|Any CPU
		{AE50216A-3989-42E4-ABD4-D671B5FFA499}.Release|Any CPU.ActiveCfg = Release|Any CPU
		{AE50216A-3989-42E4-ABD4-D671B5FFA499}.Release|Any CPU.Build.0 = Release|Any CPU
		{AE50216A-3989-42E4-ABD4-D671B5FFA499}.Release|Any CPU.Deploy.0 = Release|Any CPU
		{5CC6AF80-7F48-440E-93F8-87B35ECF370A}.Debug|Any CPU.ActiveCfg = Debug|Any CPU
		{5CC6AF80-7F48-440E-93F8-87B35ECF370A}.Debug|Any CPU.Build.0 = Debug|Any CPU
		{5CC6AF80-7F48-440E-93F8-87B35ECF370A}.Debug|Any CPU.Deploy.0 = Debug|Any CPU
		{5CC6AF80-7F48-440E-93F8-87B35ECF370A}.Release|Any CPU.ActiveCfg = Release|Any CPU
		{5CC6AF80-7F48-440E-93F8-87B35ECF370A}.Release|Any CPU.Build.0 = Release|Any CPU
		{5CC6AF80-7F48-440E-93F8-87B35ECF370A}.Release|Any CPU.Deploy.0 = Release|Any CPU
		{40EC918C-80A7-4D98-98AA-A3AF22878EFA}.Debug|Any CPU.ActiveCfg = Debug|Any CPU
		{40EC918C-80A7-4D98-98AA-A3AF22878EFA}.Debug|Any CPU.Build.0 = Debug|Any CPU
		{40EC918C-80A7-4D98-98AA-A3AF22878EFA}.Debug|Any CPU.Deploy.0 = Debug|Any CPU
		{40EC918C-80A7-4D98-98AA-A3AF22878EFA}.Release|Any CPU.ActiveCfg = Release|Any CPU
		{40EC918C-80A7-4D98-98AA-A3AF22878EFA}.Release|Any CPU.Build.0 = Release|Any CPU
		{40EC918C-80A7-4D98-98AA-A3AF22878EFA}.Release|Any CPU.Deploy.0 = Release|Any CPU
	EndGlobalSection
	GlobalSection(SolutionProperties) = preSolution
		HideSolutionNode = FALSE
	EndGlobalSection
	GlobalSection(NestedProjects) = preSolution
		{ACA074E6-82BA-4A5F-BD56-BB527B514BFD} = {351B7717-3628-441B-BD19-01599640BF7B}
		{94BDB7C4-F4D1-4D70-B141-F0ECE80AE93D} = {351B7717-3628-441B-BD19-01599640BF7B}
		{CE06B97F-34D0-4BD0-B466-600F63E82651} = {351B7717-3628-441B-BD19-01599640BF7B}
		{AE50216A-3989-42E4-ABD4-D671B5FFA499} = {351B7717-3628-441B-BD19-01599640BF7B}
		{5CC6AF80-7F48-440E-93F8-87B35ECF370A} = {351B7717-3628-441B-BD19-01599640BF7B}
		{769D975F-34E8-426C-9457-C545D9178D1D} = {351B7717-3628-441B-BD19-01599640BF7B}
		{40EC918C-80A7-4D98-98AA-A3AF22878EFA} = {769D975F-34E8-426C-9457-C545D9178D1D}
	EndGlobalSection
EndGlobal
